Microsoft Visual Studio Solution File, Format Version 11.00
# Visual Studio 2008

Project("{0C4E421C-3B62-B465-BF7E-519FFCE21BFC}") = "ScheduleManager", "Assembly-CSharp.csproj", "{19B584DA-92CE-5A1D-ACDC-D8B21D9F85E8}"
EndProject
Global
	GlobalSection(SolutionConfigurationPlatforms) = preSolution
		Debug|Any CPU = Debug|Any CPU
		Release|Any CPU = Release|Any CPU
	EndGlobalSection
	GlobalSection(ProjectConfigurationPlatforms) = postSolution
		{19B584DA-92CE-5A1D-ACDC-D8B21D9F85E8}.Debug|Any CPU.ActiveCfg = Debug|Any CPU
		{19B584DA-92CE-5A1D-ACDC-D8B21D9F85E8}.Debug|Any CPU.Build.0 = Debug|Any CPU
		{19B584DA-92CE-5A1D-ACDC-D8B21D9F85E8}.Release|Any CPU.ActiveCfg = Release|Any CPU
		{19B584DA-92CE-5A1D-ACDC-D8B21D9F85E8}.Release|Any CPU.Build.0 = Release|Any CPU
	EndGlobalSection
	GlobalSection(SolutionProperties) = preSolution
		HideSolutionNode = FALSE
	EndGlobalSection
	GlobalSection(MonoDevelopProperties) = preSolution
		StartupItem = Assembly-CSharp.csproj
	EndGlobalSection
EndGlobal
