
Microsoft Visual Studio Solution File, Format Version 11.00
# Visual Studio 2010
Project("{FAE04EC0-301F-11D3-BF4B-00C04F79EFBC}") = "Learn001", "Assembly-CSharp.csproj", "{A23C16D4-44A9-8162-A34F-74B2F6CB9779}"
EndProject
Global
	GlobalSection(SolutionConfigurationPlatforms) = preSolution
		Debug|Any CPU = Debug|Any CPU
		Release|Any CPU = Release|Any CPU
	EndGlobalSection
	GlobalSection(ProjectConfigurationPlatforms) = postSolution
		{A23C16D4-44A9-8162-A34F-74B2F6CB9779}.Debug|Any CPU.ActiveCfg = Debug|Any CPU
		{A23C16D4-44A9-8162-A34F-74B2F6CB9779}.Debug|Any CPU.Build.0 = Debug|Any CPU
		{A23C16D4-44A9-8162-A34F-74B2F6CB9779}.Release|Any CPU.ActiveCfg = Release|Any CPU
		{A23C16D4-44A9-8162-A34F-74B2F6CB9779}.Release|Any CPU.Build.0 = Release|Any CPU
	EndGlobalSection
	GlobalSection(SolutionProperties) = preSolution
		HideSolutionNode = FALSE
	EndGlobalSection
	GlobalSection(MonoDevelopProperties) = preSolution
		StartupItem = Assembly-CSharp.csproj
	EndGlobalSection
EndGlobal
